
Microsoft Visual Studio Solution File, Format Version 12.00
# Visual Studio Version 17
VisualStudioVersion = 17.5.2.0
MinimumVisualStudioVersion = 10.0.40219.1
Project("{FAE04EC0-301F-11D3-BF4B-00C04F79EFBC}") = "Core", "Core\Core.csproj", "{9943B5A4-3B20-B5F0-FFF6-C7B5EE52E7B2}"
EndProject
Project("{FAE04EC0-301F-11D3-BF4B-00C04F79EFBC}") = "CLI", "CLI\CLI.csproj", "{B52E865A-2E8D-45CB-9239-2FF2C518CCC0}"
EndProject
Project("{FAE04EC0-301F-11D3-BF4B-00C04F79EFBC}") = "DiscriminatedUnion", "DiscriminatedUnion\DiscriminatedUnion.csproj", "{6676B98A-4D0B-4BC6-81B1-9B4E688E980F}"
EndProject
Project("{FAE04EC0-301F-11D3-BF4B-00C04F79EFBC}") = "LLVM", "LLVM\LLVM.csproj", "{FFC03F58-BF11-4BF7-AF26-61F8F59056BF}"
EndProject
Global
	GlobalSection(SolutionConfigurationPlatforms) = preSolution
		Debug|Any CPU = Debug|Any CPU
		Debug|x64 = Debug|x64
		Debug|x86 = Debug|x86
		Release|Any CPU = Release|Any CPU
		Release|x64 = Release|x64
		Release|x86 = Release|x86
	EndGlobalSection
	GlobalSection(ProjectConfigurationPlatforms) = postSolution
		{9943B5A4-3B20-B5F0-FFF6-C7B5EE52E7B2}.Debug|Any CPU.ActiveCfg = Debug|Any CPU
		{9943B5A4-3B20-B5F0-FFF6-C7B5EE52E7B2}.Debug|Any CPU.Build.0 = Debug|Any CPU
		{9943B5A4-3B20-B5F0-FFF6-C7B5EE52E7B2}.Debug|x64.ActiveCfg = Debug|Any CPU
		{9943B5A4-3B20-B5F0-FFF6-C7B5EE52E7B2}.Debug|x64.Build.0 = Debug|Any CPU
		{9943B5A4-3B20-B5F0-FFF6-C7B5EE52E7B2}.Debug|x86.ActiveCfg = Debug|Any CPU
		{9943B5A4-3B20-B5F0-FFF6-C7B5EE52E7B2}.Debug|x86.Build.0 = Debug|Any CPU
		{9943B5A4-3B20-B5F0-FFF6-C7B5EE52E7B2}.Release|Any CPU.ActiveCfg = Release|Any CPU
		{9943B5A4-3B20-B5F0-FFF6-C7B5EE52E7B2}.Release|Any CPU.Build.0 = Release|Any CPU
		{9943B5A4-3B20-B5F0-FFF6-C7B5EE52E7B2}.Release|x64.ActiveCfg = Release|Any CPU
		{9943B5A4-3B20-B5F0-FFF6-C7B5EE52E7B2}.Release|x64.Build.0 = Release|Any CPU
		{9943B5A4-3B20-B5F0-FFF6-C7B5EE52E7B2}.Release|x86.ActiveCfg = Release|Any CPU
		{9943B5A4-3B20-B5F0-FFF6-C7B5EE52E7B2}.Release|x86.Build.0 = Release|Any CPU
		{B52E865A-2E8D-45CB-9239-2FF2C518CCC0}.Debug|Any CPU.ActiveCfg = Debug|Any CPU
		{B52E865A-2E8D-45CB-9239-2FF2C518CCC0}.Debug|Any CPU.Build.0 = Debug|Any CPU
		{B52E865A-2E8D-45CB-9239-2FF2C518CCC0}.Debug|x64.ActiveCfg = Debug|Any CPU
		{B52E865A-2E8D-45CB-9239-2FF2C518CCC0}.Debug|x64.Build.0 = Debug|Any CPU
		{B52E865A-2E8D-45CB-9239-2FF2C518CCC0}.Debug|x86.ActiveCfg = Debug|Any CPU
		{B52E865A-2E8D-45CB-9239-2FF2C518CCC0}.Debug|x86.Build.0 = Debug|Any CPU
		{B52E865A-2E8D-45CB-9239-2FF2C518CCC0}.Release|Any CPU.ActiveCfg = Release|Any CPU
		{B52E865A-2E8D-45CB-9239-2FF2C518CCC0}.Release|Any CPU.Build.0 = Release|Any CPU
		{B52E865A-2E8D-45CB-9239-2FF2C518CCC0}.Release|x64.ActiveCfg = Release|Any CPU
		{B52E865A-2E8D-45CB-9239-2FF2C518CCC0}.Release|x64.Build.0 = Release|Any CPU
		{B52E865A-2E8D-45CB-9239-2FF2C518CCC0}.Release|x86.ActiveCfg = Release|Any CPU
		{B52E865A-2E8D-45CB-9239-2FF2C518CCC0}.Release|x86.Build.0 = Release|Any CPU
		{6676B98A-4D0B-4BC6-81B1-9B4E688E980F}.Debug|Any CPU.ActiveCfg = Debug|Any CPU
		{6676B98A-4D0B-4BC6-81B1-9B4E688E980F}.Debug|Any CPU.Build.0 = Debug|Any CPU
		{6676B98A-4D0B-4BC6-81B1-9B4E688E980F}.Debug|x64.ActiveCfg = Debug|Any CPU
		{6676B98A-4D0B-4BC6-81B1-9B4E688E980F}.Debug|x64.Build.0 = Debug|Any CPU
		{6676B98A-4D0B-4BC6-81B1-9B4E688E980F}.Debug|x86.ActiveCfg = Debug|Any CPU
		{6676B98A-4D0B-4BC6-81B1-9B4E688E980F}.Debug|x86.Build.0 = Debug|Any CPU
		{6676B98A-4D0B-4BC6-81B1-9B4E688E980F}.Release|Any CPU.ActiveCfg = Release|Any CPU
		{6676B98A-4D0B-4BC6-81B1-9B4E688E980F}.Release|Any CPU.Build.0 = Release|Any CPU
		{6676B98A-4D0B-4BC6-81B1-9B4E688E980F}.Release|x64.ActiveCfg = Release|Any CPU
		{6676B98A-4D0B-4BC6-81B1-9B4E688E980F}.Release|x64.Build.0 = Release|Any CPU
		{6676B98A-4D0B-4BC6-81B1-9B4E688E980F}.Release|x86.ActiveCfg = Release|Any CPU
		{6676B98A-4D0B-4BC6-81B1-9B4E688E980F}.Release|x86.Build.0 = Release|Any CPU
		{FFC03F58-BF11-4BF7-AF26-61F8F59056BF}.Debug|Any CPU.ActiveCfg = Debug|Any CPU
		{FFC03F58-BF11-4BF7-AF26-61F8F59056BF}.Debug|Any CPU.Build.0 = Debug|Any CPU
		{FFC03F58-BF11-4BF7-AF26-61F8F59056BF}.Debug|x64.ActiveCfg = Debug|Any CPU
		{FFC03F58-BF11-4BF7-AF26-61F8F59056BF}.Debug|x64.Build.0 = Debug|Any CPU
		{FFC03F58-BF11-4BF7-AF26-61F8F59056BF}.Debug|x86.ActiveCfg = Debug|Any CPU
		{FFC03F58-BF11-4BF7-AF26-61F8F59056BF}.Debug|x86.Build.0 = Debug|Any CPU
		{FFC03F58-BF11-4BF7-AF26-61F8F59056BF}.Release|Any CPU.ActiveCfg = Release|Any CPU
		{FFC03F58-BF11-4BF7-AF26-61F8F59056BF}.Release|Any CPU.Build.0 = Release|Any CPU
		{FFC03F58-BF11-4BF7-AF26-61F8F59056BF}.Release|x64.ActiveCfg = Release|Any CPU
		{FFC03F58-BF11-4BF7-AF26-61F8F59056BF}.Release|x64.Build.0 = Release|Any CPU
		{FFC03F58-BF11-4BF7-AF26-61F8F59056BF}.Release|x86.ActiveCfg = Release|Any CPU
		{FFC03F58-BF11-4BF7-AF26-61F8F59056BF}.Release|x86.Build.0 = Release|Any CPU
	EndGlobalSection
	GlobalSection(SolutionProperties) = preSolution
		HideSolutionNode = FALSE
	EndGlobalSection
	GlobalSection(ExtensibilityGlobals) = postSolution
		SolutionGuid = {2AC3DCE1-5B41-4E82-ACC2-C5C56EFD9A1B}
	EndGlobalSection
EndGlobal
